
Microsoft Visual Studio Solution File, Format Version 12.00
# Visual Studio Version 17
VisualStudioVersion = 17.8.34330.188
MinimumVisualStudioVersion = 10.0.40219.1
Project("{9A19103F-16F7-4668-BE54-9A1E7A4F7556}") = "CeddyMapTracker", "CeddyMapTracker.csproj", "{A4DB993C-22CB-4D5C-92F2-01FE1F5A147B}"
EndProject
Global
	GlobalSection(SolutionConfigurationPlatforms) = preSolution
		Debug|Any CPU = Debug|Any CPU
		Release|Any CPU = Release|Any CPU
	EndGlobalSection
	GlobalSection(ProjectConfigurationPlatforms) = postSolution
		{A4DB993C-22CB-4D5C-92F2-01FE1F5A147B}.Debug|Any CPU.ActiveCfg = Debug|Any CPU
		{A4DB993C-22CB-4D5C-92F2-01FE1F5A147B}.Debug|Any CPU.Build.0 = Debug|Any CPU
		{A4DB993C-22CB-4D5C-92F2-01FE1F5A147B}.Release|Any CPU.ActiveCfg = Release|Any CPU
		{A4DB993C-22CB-4D5C-92F2-01FE1F5A147B}.Release|Any CPU.Build.0 = Release|Any CPU
	EndGlobalSection
	GlobalSection(SolutionProperties) = preSolution
		HideSolutionNode = FALSE
	EndGlobalSection
	GlobalSection(ExtensibilityGlobals) = postSolution
		SolutionGuid = {E20AC91C-B741-4CAD-BBCB-F7D3F9CCCD4B}
	EndGlobalSection
EndGlobal
